<?xml version="1.0" encoding="utf-8"?>
<Project ToolsVersion="4.0" xmlns="http://schemas.microsoft.com/developer/msbuild/2003">
  <ItemGroup>
    <Filter Include="1_Log">
      <UniqueIdentifier>{33058d13-ce56-4859-9058-bbb7499daf88}</UniqueIdentifier>
    </Filter>
    <Filter Include="2_Settings">
      <UniqueIdentifier>{6e4fe25e-7fa9-496c-ae03-acb1dec76b9b}</UniqueIdentifier>
    </Filter>
    <Filter Include="0_Ds2vJoy">
      <UniqueIdentifier>{93995380-89BD-4b04-88EB-625FBE52EBFB}</UniqueIdentifier>
      <Extensions>h;hh;hpp;hxx;hm;inl;inc;xsd</Extensions>
    </Filter>
    <Filter Include="A_Resources">
      <UniqueIdentifier>{67DA6AB6-F800-4c08-8B7A-83BB121AAD01}</UniqueIdentifier>
      <Extensions>rc;ico;cur;bmp;dlg;rc2;rct;bin;rgs;gif;jpg;jpeg;jpe;resx;tiff;tif;png;wav;mfcribbon-ms</Extensions>
    </Filter>
    <Filter Include="B_Language">
      <UniqueIdentifier>{5807620b-b222-4993-938c-28f8fe1b42c4}</UniqueIdentifier>
    </Filter>
    <Filter Include="Z_CPULimiter">
      <UniqueIdentifier>{620d555c-10fa-42e1-9a44-f585f72a69fa}</UniqueIdentifier>
    </Filter>
    <Filter Include="Z_Crc32">
      <UniqueIdentifier>{37750dbb-0a33-4512-99c4-b99a5ada37f8}</UniqueIdentifier>
    </Filter>
    <Filter Include="0_vJoy">
      <UniqueIdentifier>{5d57c129-a256-43b7-b781-0aa9a8056f3a}</UniqueIdentifier>
    </Filter>
    <Filter Include="0_Source">
      <UniqueIdentifier>{0f8a9bc8-8ebb-430e-8a75-bbe80005849f}</UniqueIdentifier>
    </Filter>
    <Filter Include="Z_Zip Utils">
      <UniqueIdentifier>{f87e44e2-5e43-47e2-a0b8-ffe445887b80}</UniqueIdentifier>
    </Filter>
    <Filter Include="Z_vJoy">
      <UniqueIdentifier>{e805fbf8-cb3e-4d16-be09-8b51c9c5124f}</UniqueIdentifier>
    </Filter>
    <Filter Include="Z_WindowsTools">
      <UniqueIdentifier>{62ffefb9-1304-41b9-8e4b-eb6db6d08484}</UniqueIdentifier>
    </Filter>
    <Filter Include="C_Media">
      <UniqueIdentifier>{f5d8e50d-6ae1-4c65-9645-345fa10f281c}</UniqueIdentifier>
    </Filter>
    <Filter Include="12_Tasktray">
      <UniqueIdentifier>{71850f97-b8c2-4144-aee6-d2494882fc43}</UniqueIdentifier>
    </Filter>
    <Filter Include="11_Notepad">
      <UniqueIdentifier>{3d41c15c-1302-4cf8-ac52-4e5be8494f05}</UniqueIdentifier>
    </Filter>
    <Filter Include="10_Links">
      <UniqueIdentifier>{b31372e3-6c08-4dc3-9dc4-4d3fa2f0cfbf}</UniqueIdentifier>
    </Filter>
    <Filter Include="9_Explorer">
      <UniqueIdentifier>{4fcf1e52-3053-4f80-9062-af02bad72398}</UniqueIdentifier>
    </Filter>
    <Filter Include="8_Guardian">
      <UniqueIdentifier>{f4f9517f-0d5e-442c-b9b1-b98da9699a8f}</UniqueIdentifier>
    </Filter>
    <Filter Include="7_ViGEm">
      <UniqueIdentifier>{2e0e2b3e-a49b-4e6a-ad2d-37cdf54177bd}</UniqueIdentifier>
    </Filter>
    <Filter Include="6_Keymap">
      <UniqueIdentifier>{9c16c011-7dcd-40eb-ae34-027d5b7f6184}</UniqueIdentifier>
    </Filter>
    <Filter Include="5_RapidFire">
      <UniqueIdentifier>{d946df3e-fa91-47d9-a783-5eeba42f372a}</UniqueIdentifier>
    </Filter>
    <Filter Include="4_Mapping">
      <UniqueIdentifier>{3708577f-ccb4-43a3-b765-24dac20a225d}</UniqueIdentifier>
    </Filter>
    <Filter Include="3_vJoyConf">
      <UniqueIdentifier>{17dadd87-2a05-4542-8654-d35c6f1b77fd}</UniqueIdentifier>
    </Filter>
  </ItemGroup>
  <ItemGroup>
    <ClInclude Include="Ds2vJoy.h">
      <Filter>0_Ds2vJoy</Filter>
    </ClInclude>
    <ClInclude Include="Guardian.h">
      <Filter>8_Guardian</Filter>
    </ClInclude>
    <ClInclude Include="GuardianDlg.h">
      <Filter>8_Guardian</Filter>
    </ClInclude>
    <ClInclude Include="RapidFire.h">
      <Filter>5_RapidFire</Filter>
    </ClInclude>
    <ClInclude Include="RapidFireDataDlg.h">
      <Filter>5_RapidFire</Filter>
    </ClInclude>
    <ClInclude Include="RapidFireDlg.h">
      <Filter>5_RapidFire</Filter>
    </ClInclude>
    <ClInclude Include="Mapping.h">
      <Filter>4_Mapping</Filter>
    </ClInclude>
    <ClInclude Include="MappingDataDlg.h">
      <Filter>4_Mapping</Filter>
    </ClInclude>
    <ClInclude Include="MappingDlg.h">
      <Filter>4_Mapping</Filter>
    </ClInclude>
    <ClInclude Include="ViGEm.h">
      <Filter>7_ViGEm</Filter>
    </ClInclude>
    <ClInclude Include="ViGEmDlg.h">
      <Filter>7_ViGEm</Filter>
    </ClInclude>
    <ClInclude Include="Settings.h">
      <Filter>2_Settings</Filter>
    </ClInclude>
    <ClInclude Include="Keymap.h">
      <Filter>6_Keymap</Filter>
    </ClInclude>
    <ClInclude Include="KeymapDataDlg.h">
      <Filter>6_Keymap</Filter>
    </ClInclude>
    <ClInclude Include="KeymapDlg.h">
      <Filter>6_Keymap</Filter>
    </ClInclude>
    <ClInclude Include="Findwindow.h">
      <Filter>6_Keymap</Filter>
    </ClInclude>
    <ClInclude Include="vJoy.h">
      <Filter>0_vJoy</Filter>
    </ClInclude>
    <ClInclude Include="SettingDlg.h">
      <Filter>2_Settings</Filter>
    </ClInclude>
    <ClInclude Include="LinksDlg.h">
      <Filter>10_Links</Filter>
    </ClInclude>
    <ClInclude Include="Language.h">
      <Filter>B_Language</Filter>
    </ClInclude>
    <ClInclude Include="Tasktray.h">
      <Filter>12_Tasktray</Filter>
    </ClInclude>
    <ClInclude Include="Resource.h">
      <Filter>A_Resources</Filter>
    </ClInclude>
    <ClInclude Include="stdafx.h">
      <Filter>A_Resources</Filter>
    </ClInclude>
    <ClInclude Include="targetver.h">
      <Filter>A_Resources</Filter>
    </ClInclude>
    <ClInclude Include="Source.h">
      <Filter>0_Source</Filter>
    </ClInclude>
    <ClInclude Include="Crc32\Crc32.h">
      <Filter>Z_Crc32</Filter>
    </ClInclude>
    <ClInclude Include="Zip Utils\unzip.h">
      <Filter>Z_Zip Utils</Filter>
    </ClInclude>
    <ClInclude Include="vJoy\vJoyInterface.h">
      <Filter>Z_vJoy</Filter>
    </ClInclude>
    <ClInclude Include="vJoy\public.h">
      <Filter>Z_vJoy</Filter>
    </ClInclude>
    <ClInclude Include="CPULimiter\CPULimiter.h">
      <Filter>Z_CPULimiter</Filter>
    </ClInclude>
    <ClInclude Include="vJoyButton.h">
      <Filter>0_vJoy</Filter>
    </ClInclude>
    <ClInclude Include="dsButton.h">
      <Filter>0_Source</Filter>
    </ClInclude>
    <ClInclude Include="WindowsTools.h">
      <Filter>Z_WindowsTools</Filter>
    </ClInclude>
    <ClInclude Include="LogDlg.h">
      <Filter>1_Log</Filter>
    </ClInclude>
    <ClInclude Include="NotepadDlg.h">
      <Filter>11_Notepad</Filter>
    </ClInclude>
    <ClInclude Include="ExplorerDlg.h">
      <Filter>9_Explorer</Filter>
    </ClInclude>
    <ClInclude Include="vJoy\hidReportDescFfb.h">
      <Filter>Z_vJoy</Filter>
    </ClInclude>
    <ClInclude Include="vJoy\hidtoken.h">
      <Filter>Z_vJoy</Filter>
    </ClInclude>
    <ClInclude Include="vJoy\hidusage.h">
      <Filter>Z_vJoy</Filter>
    </ClInclude>
    <ClInclude Include="vJoy\wrapper.h">
      <Filter>Z_vJoy</Filter>
    </ClInclude>
    <ClInclude Include="vJoy\declarations.h">
      <Filter>Z_vJoy</Filter>
    </ClInclude>
    <ClInclude Include="vJoyDevice.h">
      <Filter>3_vJoyConf</Filter>
    </ClInclude>
  </ItemGroup>
  <ItemGroup>
    <ClCompile Include="Guardian.cpp">
      <Filter>8_Guardian</Filter>
    </ClCompile>
    <ClCompile Include="GuardianDlg.cpp">
      <Filter>8_Guardian</Filter>
    </ClCompile>
    <ClCompile Include="RapidFire.cpp">
      <Filter>5_RapidFire</Filter>
    </ClCompile>
    <ClCompile Include="RapidFireDataDlg.cpp">
      <Filter>5_RapidFire</Filter>
    </ClCompile>
    <ClCompile Include="RapidFireDlg.cpp">
      <Filter>5_RapidFire</Filter>
    </ClCompile>
    <ClCompile Include="Mapping.cpp">
      <Filter>4_Mapping</Filter>
    </ClCompile>
    <ClCompile Include="MappingDataDlg.cpp">
      <Filter>4_Mapping</Filter>
    </ClCompile>
    <ClCompile Include="MappingDlg.cpp">
      <Filter>4_Mapping</Filter>
    </ClCompile>
    <ClCompile Include="ViGEm.cpp">
      <Filter>7_ViGEm</Filter>
    </ClCompile>
    <ClCompile Include="ViGEmDlg.cpp">
      <Filter>7_ViGEm</Filter>
    </ClCompile>
    <ClCompile Include="Settings.cpp">
      <Filter>2_Settings</Filter>
    </ClCompile>
    <ClCompile Include="Keymap.cpp">
      <Filter>6_Keymap</Filter>
    </ClCompile>
    <ClCompile Include="KeymapDataDlg.cpp">
      <Filter>6_Keymap</Filter>
    </ClCompile>
    <ClCompile Include="KeymapDlg.cpp">
      <Filter>6_Keymap</Filter>
    </ClCompile>
    <ClCompile Include="Findwindow.cpp">
      <Filter>6_Keymap</Filter>
    </ClCompile>
    <ClCompile Include="vJoy.cpp">
      <Filter>0_vJoy</Filter>
    </ClCompile>
    <ClCompile Include="SettingDlg.cpp">
      <Filter>2_Settings</Filter>
    </ClCompile>
    <ClCompile Include="LinksDlg.cpp">
      <Filter>10_Links</Filter>
    </ClCompile>
    <ClCompile Include="Language.cpp">
      <Filter>B_Language</Filter>
    </ClCompile>
    <ClCompile Include="Tasktray.cpp">
      <Filter>12_Tasktray</Filter>
    </ClCompile>
    <ClCompile Include="Ds2vJoy.cpp">
      <Filter>0_Ds2vJoy</Filter>
    </ClCompile>
    <ClCompile Include="stdafx.cpp">
      <Filter>A_Resources</Filter>
    </ClCompile>
    <ClCompile Include="Source.cpp">
      <Filter>0_Source</Filter>
    </ClCompile>
    <ClCompile Include="Crc32\Crc32.cpp">
      <Filter>Z_Crc32</Filter>
    </ClCompile>
    <ClCompile Include="Zip Utils\unzip.cpp">
      <Filter>Z_Zip Utils</Filter>
    </ClCompile>
    <ClCompile Include="CPULimiter\CPULimiter.cpp">
      <Filter>Z_CPULimiter</Filter>
    </ClCompile>
    <ClCompile Include="vJoyButton.cpp">
      <Filter>0_vJoy</Filter>
    </ClCompile>
    <ClCompile Include="dsButton.cpp">
      <Filter>0_Source</Filter>
    </ClCompile>
    <ClCompile Include="LogDlg.cpp">
      <Filter>1_Log</Filter>
    </ClCompile>
    <ClCompile Include="NotepadDlg.cpp">
      <Filter>11_Notepad</Filter>
    </ClCompile>
    <ClCompile Include="ExplorerDlg.cpp">
      <Filter>9_Explorer</Filter>
    </ClCompile>
    <ClCompile Include="vJoyDevice.cpp">
      <Filter>3_vJoyConf</Filter>
    </ClCompile>
  </ItemGroup>
  <ItemGroup>
    <Image Include="Ds2vJoy.bmp">
      <Filter>C_Media</Filter>
    </Image>
    <Image Include="Ds2vJoyHelp.bmp">
      <Filter>C_Media</Filter>
    </Image>
    <Image Include="icon.ico">
      <Filter>C_Media</Filter>
    </Image>
    <Image Include="icon32.ico">
      <Filter>C_Media</Filter>
    </Image>
  </ItemGroup>
  <ItemGroup>
    <None Include="packages.config" />
    <None Include="Devcon\Devcon.exe" />
    <None Include="vJoy\vJoyInterface.dll" />
    <None Include="ViGEm\ViGEmClient.dll" />
    <None Include="ViGEm\ViGEmBus.zip" />
    <None Include="HidGuardian\HidGuardian.zip" />
    <None Include="HidGuardian\HidCerberus.zip" />
    <None Include="WebView2\WebView2Loader.dll" />
    <None Include="vJoy\vJoyDevice.zip" />
    <None Include="vJoy\vJoyInstall.dll" />
  </ItemGroup>
  <ItemGroup>
    <ResourceCompile Include="Resource.rc">
      <Filter>A_Resources</Filter>
    </ResourceCompile>
  </ItemGroup>
  <ItemGroup>
    <Font Include="Fonts\NotepadFont.ttf" />
  </ItemGroup>
  <ItemGroup>
    <Library Include="vJoy\vJoyInstall.lib">
      <Filter>Z_vJoy</Filter>
    </Library>
  </ItemGroup>
</Project>