<?xml version="1.0" encoding="utf-8"?>
<Project ToolsVersion="4.0" xmlns="http://schemas.microsoft.com/developer/msbuild/2003">
  <ItemGroup>
    <Filter Include="1_Log">
      <UniqueIdentifier>{33058d13-ce56-4859-9058-bbb7499daf88}</UniqueIdentifier>
    </Filter>
    <Filter Include="3_Mapping">
      <UniqueIdentifier>{3708577f-ccb4-43a3-b765-24dac20a225d}</UniqueIdentifier>
    </Filter>
    <Filter Include="4_RapidFire">
      <UniqueIdentifier>{d946df3e-fa91-47d9-a783-5eeba42f372a}</UniqueIdentifier>
    </Filter>
    <Filter Include="5_Keymap">
      <UniqueIdentifier>{9c16c011-7dcd-40eb-ae34-027d5b7f6184}</UniqueIdentifier>
    </Filter>
    <Filter Include="6_ViGEm">
      <UniqueIdentifier>{2e0e2b3e-a49b-4e6a-ad2d-37cdf54177bd}</UniqueIdentifier>
    </Filter>
    <Filter Include="7_Guardian">
      <UniqueIdentifier>{f4f9517f-0d5e-442c-b9b1-b98da9699a8f}</UniqueIdentifier>
    </Filter>
    <Filter Include="8_Links">
      <UniqueIdentifier>{b31372e3-6c08-4dc3-9dc4-4d3fa2f0cfbf}</UniqueIdentifier>
    </Filter>
    <Filter Include="2_Settings">
      <UniqueIdentifier>{6e4fe25e-7fa9-496c-ae03-acb1dec76b9b}</UniqueIdentifier>
    </Filter>
    <Filter Include="0_Ds2vJoy">
      <UniqueIdentifier>{93995380-89BD-4b04-88EB-625FBE52EBFB}</UniqueIdentifier>
      <Extensions>h;hh;hpp;hxx;hm;inl;inc;xsd</Extensions>
    </Filter>
    <Filter Include="0_CEffect">
      <UniqueIdentifier>{aa6c7b91-1bac-416c-bd08-6cdce63fff2f}</UniqueIdentifier>
    </Filter>
    <Filter Include="A_Resources">
      <UniqueIdentifier>{67DA6AB6-F800-4c08-8B7A-83BB121AAD01}</UniqueIdentifier>
      <Extensions>rc;ico;cur;bmp;dlg;rc2;rct;bin;rgs;gif;jpg;jpeg;jpe;resx;tiff;tif;png;wav;mfcribbon-ms</Extensions>
    </Filter>
    <Filter Include="B_Language">
      <UniqueIdentifier>{5807620b-b222-4993-938c-28f8fe1b42c4}</UniqueIdentifier>
    </Filter>
    <Filter Include="C_External">
      <UniqueIdentifier>{9a19f2d1-7fc3-4905-b0be-4323fc1ce3ff}</UniqueIdentifier>
    </Filter>
    <Filter Include="Z_CPULimiter">
      <UniqueIdentifier>{620d555c-10fa-42e1-9a44-f585f72a69fa}</UniqueIdentifier>
    </Filter>
    <Filter Include="Z_Crc32">
      <UniqueIdentifier>{37750dbb-0a33-4512-99c4-b99a5ada37f8}</UniqueIdentifier>
    </Filter>
    <Filter Include="Z_Stopwatch">
      <UniqueIdentifier>{48fc0e0b-b699-472b-a528-e24cb50db88d}</UniqueIdentifier>
    </Filter>
    <Filter Include="Z_unzip">
      <UniqueIdentifier>{cd428c25-c6f0-46ec-8cbb-6b28001462d9}</UniqueIdentifier>
    </Filter>
    <Filter Include="0_dsButton">
      <UniqueIdentifier>{ac2646fd-8408-41d0-a0e1-0d3af88aaa9a}</UniqueIdentifier>
    </Filter>
    <Filter Include="0_vJoy">
      <UniqueIdentifier>{5d57c129-a256-43b7-b781-0aa9a8056f3a}</UniqueIdentifier>
    </Filter>
    <Filter Include="0_vJoyButton">
      <UniqueIdentifier>{1fba239a-8fc1-49f7-b35c-2e004f1c71ab}</UniqueIdentifier>
    </Filter>
    <Filter Include="0_FFB">
      <UniqueIdentifier>{6d8523d7-ebed-4e7a-97e4-5c573828e351}</UniqueIdentifier>
    </Filter>
    <Filter Include="0_Source">
      <UniqueIdentifier>{0f8a9bc8-8ebb-430e-8a75-bbe80005849f}</UniqueIdentifier>
    </Filter>
    <Filter Include="10_Tasktray">
      <UniqueIdentifier>{71850f97-b8c2-4144-aee6-d2494882fc43}</UniqueIdentifier>
    </Filter>
    <Filter Include="9_Explorer">
      <UniqueIdentifier>{4fcf1e52-3053-4f80-9062-af02bad72398}</UniqueIdentifier>
    </Filter>
  </ItemGroup>
  <ItemGroup>
    <ClInclude Include="Ds2vJoy.h">
      <Filter>0_Ds2vJoy</Filter>
    </ClInclude>
    <ClInclude Include="CEffect.h">
      <Filter>0_CEffect</Filter>
    </ClInclude>
    <ClInclude Include="Crc32.h">
      <Filter>Z_Crc32</Filter>
    </ClInclude>
    <ClInclude Include="Guardian.h">
      <Filter>7_Guardian</Filter>
    </ClInclude>
    <ClInclude Include="GuardianDlg.h">
      <Filter>7_Guardian</Filter>
    </ClInclude>
    <ClInclude Include="RapidFire.h">
      <Filter>4_RapidFire</Filter>
    </ClInclude>
    <ClInclude Include="RapidFireDataDlg.h">
      <Filter>4_RapidFire</Filter>
    </ClInclude>
    <ClInclude Include="RapidFireDlg.h">
      <Filter>4_RapidFire</Filter>
    </ClInclude>
    <ClInclude Include="Mapping.h">
      <Filter>3_Mapping</Filter>
    </ClInclude>
    <ClInclude Include="MappingDataDlg.h">
      <Filter>3_Mapping</Filter>
    </ClInclude>
    <ClInclude Include="MappingDlg.h">
      <Filter>3_Mapping</Filter>
    </ClInclude>
    <ClInclude Include="ViGEm.h">
      <Filter>6_ViGEm</Filter>
    </ClInclude>
    <ClInclude Include="ViGEmDlg.h">
      <Filter>6_ViGEm</Filter>
    </ClInclude>
    <ClInclude Include="Settings.h">
      <Filter>2_Settings</Filter>
    </ClInclude>
    <ClInclude Include="Keymap.h">
      <Filter>5_Keymap</Filter>
    </ClInclude>
    <ClInclude Include="KeymapDataDlg.h">
      <Filter>5_Keymap</Filter>
    </ClInclude>
    <ClInclude Include="KeymapDlg.h">
      <Filter>5_Keymap</Filter>
    </ClInclude>
    <ClInclude Include="Log.h">
      <Filter>1_Log</Filter>
    </ClInclude>
    <ClInclude Include="Findwindow.h">
      <Filter>5_Keymap</Filter>
    </ClInclude>
    <ClInclude Include="vJoy.h">
      <Filter>0_vJoy</Filter>
    </ClInclude>
    <ClInclude Include="SettingDlg.h">
      <Filter>2_Settings</Filter>
    </ClInclude>
    <ClInclude Include="LinksDlg.h">
      <Filter>8_Links</Filter>
    </ClInclude>
    <ClInclude Include="Language.h">
      <Filter>B_Language</Filter>
    </ClInclude>
    <ClInclude Include="Tasktray.h">
      <Filter>10_Tasktray</Filter>
    </ClInclude>
    <ClInclude Include="vJoyInterface.h">
      <Filter>C_External</Filter>
    </ClInclude>
    <ClInclude Include="Resource.h">
      <Filter>A_Resources</Filter>
    </ClInclude>
    <ClInclude Include="stdafx.h">
      <Filter>A_Resources</Filter>
    </ClInclude>
    <ClInclude Include="targetver.h">
      <Filter>A_Resources</Filter>
    </ClInclude>
    <ClInclude Include="Stopwatch.h">
      <Filter>Z_Stopwatch</Filter>
    </ClInclude>
    <ClInclude Include="CPULimiter.h">
      <Filter>Z_CPULimiter</Filter>
    </ClInclude>
    <ClInclude Include="unzip.h">
      <Filter>Z_unzip</Filter>
    </ClInclude>
    <ClInclude Include="WindowsTools.h">
      <Filter>A_Resources</Filter>
    </ClInclude>
    <ClInclude Include="dsButton.h">
      <Filter>0_dsButton</Filter>
    </ClInclude>
    <ClInclude Include="vJoyButton.h">
      <Filter>0_vJoyButton</Filter>
    </ClInclude>
    <ClInclude Include="FFB.h">
      <Filter>0_FFB</Filter>
    </ClInclude>
    <ClInclude Include="Source.h">
      <Filter>0_Source</Filter>
    </ClInclude>
  </ItemGroup>
  <ItemGroup>
    <ClCompile Include="CEffect.cpp">
      <Filter>0_CEffect</Filter>
    </ClCompile>
    <ClCompile Include="Crc32.cpp">
      <Filter>Z_Crc32</Filter>
    </ClCompile>
    <ClCompile Include="Guardian.cpp">
      <Filter>7_Guardian</Filter>
    </ClCompile>
    <ClCompile Include="GuardianDlg.cpp">
      <Filter>7_Guardian</Filter>
    </ClCompile>
    <ClCompile Include="RapidFire.cpp">
      <Filter>4_RapidFire</Filter>
    </ClCompile>
    <ClCompile Include="RapidFireDataDlg.cpp">
      <Filter>4_RapidFire</Filter>
    </ClCompile>
    <ClCompile Include="RapidFireDlg.cpp">
      <Filter>4_RapidFire</Filter>
    </ClCompile>
    <ClCompile Include="Mapping.cpp">
      <Filter>3_Mapping</Filter>
    </ClCompile>
    <ClCompile Include="MappingDataDlg.cpp">
      <Filter>3_Mapping</Filter>
    </ClCompile>
    <ClCompile Include="MappingDlg.cpp">
      <Filter>3_Mapping</Filter>
    </ClCompile>
    <ClCompile Include="ViGEm.cpp">
      <Filter>6_ViGEm</Filter>
    </ClCompile>
    <ClCompile Include="ViGEmDlg.cpp">
      <Filter>6_ViGEm</Filter>
    </ClCompile>
    <ClCompile Include="Settings.cpp">
      <Filter>2_Settings</Filter>
    </ClCompile>
    <ClCompile Include="Keymap.cpp">
      <Filter>5_Keymap</Filter>
    </ClCompile>
    <ClCompile Include="KeymapDataDlg.cpp">
      <Filter>5_Keymap</Filter>
    </ClCompile>
    <ClCompile Include="KeymapDlg.cpp">
      <Filter>5_Keymap</Filter>
    </ClCompile>
    <ClCompile Include="Log.cpp">
      <Filter>1_Log</Filter>
    </ClCompile>
    <ClCompile Include="Findwindow.cpp">
      <Filter>5_Keymap</Filter>
    </ClCompile>
    <ClCompile Include="vJoy.cpp">
      <Filter>0_vJoy</Filter>
    </ClCompile>
    <ClCompile Include="SettingDlg.cpp">
      <Filter>2_Settings</Filter>
    </ClCompile>
    <ClCompile Include="LinksDlg.cpp">
      <Filter>8_Links</Filter>
    </ClCompile>
    <ClCompile Include="Language.cpp">
      <Filter>B_Language</Filter>
    </ClCompile>
    <ClCompile Include="Tasktray.cpp">
      <Filter>10_Tasktray</Filter>
    </ClCompile>
    <ClCompile Include="Ds2vJoy.cpp">
      <Filter>0_Ds2vJoy</Filter>
    </ClCompile>
    <ClCompile Include="stdafx.cpp">
      <Filter>A_Resources</Filter>
    </ClCompile>
    <ClCompile Include="Stopwatch.cpp">
      <Filter>Z_Stopwatch</Filter>
    </ClCompile>
    <ClCompile Include="CPULimiter.cpp">
      <Filter>Z_CPULimiter</Filter>
    </ClCompile>
    <ClCompile Include="unzip.cpp">
      <Filter>Z_unzip</Filter>
    </ClCompile>
    <ClCompile Include="dsButton.cpp">
      <Filter>0_dsButton</Filter>
    </ClCompile>
    <ClCompile Include="vJoyButton.cpp">
      <Filter>0_vJoyButton</Filter>
    </ClCompile>
    <ClCompile Include="FFB.cpp">
      <Filter>0_FFB</Filter>
    </ClCompile>
    <ClCompile Include="Source.cpp">
      <Filter>0_Source</Filter>
    </ClCompile>
  </ItemGroup>
  <ItemGroup>
    <ResourceCompile Include="Ds2vJoy.rc">
      <Filter>A_Resources</Filter>
    </ResourceCompile>
  </ItemGroup>
  <ItemGroup>
    <Image Include="icon.ico">
      <Filter>A_Resources</Filter>
    </Image>
    <Image Include="icon32.ico">
      <Filter>A_Resources</Filter>
    </Image>
    <Image Include="Ds2vJoy.bmp">
      <Filter>A_Resources</Filter>
    </Image>
    <Image Include="Ds2vJoyHelp.bmp">
      <Filter>A_Resources</Filter>
    </Image>
    <Image Include="icon_Inprivate.ico">
      <Filter>A_Resources</Filter>
    </Image>
  </ItemGroup>
  <ItemGroup>
    <None Include="..\SDK\Devcon.exe">
      <Filter>C_External</Filter>
    </None>
    <None Include="..\SDK\HidCerberus.zip">
      <Filter>C_External</Filter>
    </None>
    <None Include="..\SDK\HidGuardian.zip">
      <Filter>C_External</Filter>
    </None>
    <None Include="..\SDK\ViGEmBus.zip">
      <Filter>C_External</Filter>
    </None>
    <None Include="..\SDK\lib\ViGEmClient.dll">
      <Filter>C_External</Filter>
    </None>
    <None Include="..\SDK\lib\vJoyInterface.dll">
      <Filter>C_External</Filter>
    </None>
    <None Include="packages.config" />
  </ItemGroup>
</Project>